github.com/benhoyt/littlelang v0.0.0-20181211014631-304e2c473008 h1:m1HIKMzUjtZSocaeDHKH3jFjJwCkMJz0VKWsoIEVYso=
github.com/benhoyt/littlelang v0.0.0-20181211014631-304e2c473008/go.mod h1:gnytnRkKsxAA/wDq5U6QaH2mBZF+hXnkO+ntrrBOJQc=
github.com/cbot918/liby v1.1.0 h1:MqZVgxJkr1o42KO/KP7wm9vbPNexPmUy4SAuWjg47rs=
github.com/cbot918/liby v1.1.0/go.mod h1:tQ4DTzdwj6DKF/0vJr+HRJuawFwyy2jlwOz5QHUIpv8=
